
Microsoft Visual Studio Solution File, Format Version 12.00
# Visual Studio Version 17
VisualStudioVersion = 17.5.002.0
MinimumVisualStudioVersion = 10.0.40219.1
Project("{2150E333-8FDC-42A3-9474-1A3956D46DE8}") = "codes", "codes", "{3D6178DD-0164-41DD-8BF2-C3884BD66A4E}"
EndProject
Project("{9A19103F-16F7-4668-BE54-9A1E7A4F7556}") = "hello-algo", "codes\csharp\hello-algo.csproj", "{B59D9C31-ABB6-472B-8E3F-55A00E78CEAB}"
EndProject
Global
	GlobalSection(SolutionConfigurationPlatforms) = preSolution
		Debug|Any CPU = Debug|Any CPU
		Release|Any CPU = Release|Any CPU
	EndGlobalSection
	GlobalSection(ProjectConfigurationPlatforms) = postSolution
		{B59D9C31-ABB6-472B-8E3F-55A00E78CEAB}.Debug|Any CPU.ActiveCfg = Debug|Any CPU
		{B59D9C31-ABB6-472B-8E3F-55A00E78CEAB}.Debug|Any CPU.Build.0 = Debug|Any CPU
		{B59D9C31-ABB6-472B-8E3F-55A00E78CEAB}.Release|Any CPU.ActiveCfg = Release|Any CPU
		{B59D9C31-ABB6-472B-8E3F-55A00E78CEAB}.Release|Any CPU.Build.0 = Release|Any CPU
	EndGlobalSection
	GlobalSection(SolutionProperties) = preSolution
		HideSolutionNode = FALSE
	EndGlobalSection
	GlobalSection(NestedProjects) = preSolution
		{B59D9C31-ABB6-472B-8E3F-55A00E78CEAB} = {3D6178DD-0164-41DD-8BF2-C3884BD66A4E}
	EndGlobalSection
	GlobalSection(ExtensibilityGlobals) = postSolution
		SolutionGuid = {02A07C33-D53E-48EB-A575-9FA369839FA5}
	EndGlobalSection
EndGlobal
